PODS:
  - Log (2.0)
  - RxMediaPicker (2.0.0):
    - RxSwift (>= 5.0.0)
  - RxSwift (6.0.0)
  - SnapKit (5.0.1)

DEPENDENCIES:
  - Log
  - RxMediaPicker (from `https://github.com/cythb/RxMediaPicker.git`)
  - RxSwift
  - SnapKit (~> 5.0.0)

SPEC REPOS:
  trunk:
    - Log
    - RxSwift
    - SnapKit

EXTERNAL SOURCES:
  RxMediaPicker:
    :git: https://github.com/cythb/RxMediaPicker.git

CHECKOUT OPTIONS:
  RxMediaPicker:
    :commit: 3f19e8befe42c194cc37af99f48741915009927c
    :git: https://github.com/cythb/RxMediaPicker.git

SPEC CHECKSUMS:
  Log: 73fab10e8b88f15cef5f322b12c9be87cf19ee6e
  RxMediaPicker: be84f31faf1baff62c2b7e16ee70dd599c858f38
  RxSwift: c14e798c59b9f6e9a2df8fd235602e85cc044295
  SnapKit: 97b92857e3df3a0c71833cce143274bf6ef8e5eb

PODFILE CHECKSUM: 9b20671780c01c331dfb31f9f1dd963f7238b58c

COCOAPODS: 1.9.1
