PODS:
  - Log (2.0)
  - RxMediaPicker (2.0.0):
    - RxSwift (>= 5.0.0)
  - RxSwift (6.0.0)
  - SnapKit (5.0.1)
  - swiftScan (1.2.1)
  - Zip (2.1.1)

DEPENDENCIES:
  - Log
  - RxMediaPicker (from `https://github.com/cythb/RxMediaPicker.git`)
  - RxSwift
  - SnapKit (~> 5.0.0)
  - swiftScan (from `https://github.com/MxABC/swiftScan.git`)
  - Zip

SPEC REPOS:
  trunk:
    - Log
    - RxSwift
    - SnapKit
    - Zip

EXTERNAL SOURCES:
  RxMediaPicker:
    :git: https://github.com/cythb/RxMediaPicker.git
  swiftScan:
    :git: https://github.com/MxABC/swiftScan.git

CHECKOUT OPTIONS:
  RxMediaPicker:
    :commit: 3f19e8befe42c194cc37af99f48741915009927c
    :git: https://github.com/cythb/RxMediaPicker.git
  swiftScan:
    :commit: b0cc9aea11140125b75d1baaccb16c9567cdf69a
    :git: https://github.com/MxABC/swiftScan.git

SPEC CHECKSUMS:
  Log: 73fab10e8b88f15cef5f322b12c9be87cf19ee6e
  RxMediaPicker: be84f31faf1baff62c2b7e16ee70dd599c858f38
  RxSwift: c14e798c59b9f6e9a2df8fd235602e85cc044295
  SnapKit: 97b92857e3df3a0c71833cce143274bf6ef8e5eb
  swiftScan: 0849e7d7c1c641384767a573ee8cb90b88d1ddd9
  Zip: 414f59909701fda9a84ab774ebe0f5449b1082cc

PODFILE CHECKSUM: 6e50e241965f9c284c7dc5ed941aa352043ddde2

COCOAPODS: 1.9.1
